<?xml version="1.0" encoding="utf-8"?>
<Project ToolsVersion="4.0" xmlns="http://schemas.microsoft.com/developer/msbuild/2003">
  <ItemGroup>
    <Filter Include="Main">
      <UniqueIdentifier>{c11b17e1-6fa2-4f45-8afb-5df4c40bd766}</UniqueIdentifier>
    </Filter>
    <Filter Include="Classes">
      <UniqueIdentifier>{dccb9b0d-c78e-440c-a1cc-cbb6a1b5adc0}</UniqueIdentifier>
    </Filter>
    <Filter Include="Libraries">
      <UniqueIdentifier>{5f5525da-f8a8-43d9-ba5c-01bce4e68d94}</UniqueIdentifier>
    </Filter>
  </ItemGroup>
  <ItemGroup>
    <ClCompile Include="main.cpp">
      <Filter>Main</Filter>
    </ClCompile>
  </ItemGroup>
  <ItemGroup>
    <ClInclude Include="classes.h">
      <Filter>Classes</Filter>
    </ClInclude>
    <ClInclude Include="libs.h">
      <Filter>Libraries</Filter>
    </ClInclude>
  </ItemGroup>
</Project>